
Microsoft Visual Studio Solution File, Format Version 12.00
# Visual Studio Version 16
VisualStudioVersion = 16.0.28803.156
MinimumVisualStudioVersion = 10.0.40219.1
Project("{9A19103F-16F7-4668-BE54-9A1E7A4F7556}") = "BsslProcurement", "BsslProcurement\BsslProcurement.csproj", "{12F6E15F-F1EE-4C21-8869-00745182BAE1}"
EndProject
Project("{9A19103F-16F7-4668-BE54-9A1E7A4F7556}") = "DcProcurement", "DcProcurement\DcProcurement.csproj", "{680C1E97-DB96-4BBD-9AB1-C9FA1833F4E3}"
EndProject
Project("{FAE04EC0-301F-11D3-BF4B-00C04F79EFBC}") = "BsslTest", "BsslTest\BsslTest.csproj", "{8E4EF955-4FF0-483F-806F-EB2A049CEF9B}"
EndProject
Global
	GlobalSection(SolutionConfigurationPlatforms) = preSolution
		Debug|Any CPU = Debug|Any CPU
		Release|Any CPU = Release|Any CPU
	EndGlobalSection
	GlobalSection(ProjectConfigurationPlatforms) = postSolution
		{12F6E15F-F1EE-4C21-8869-00745182BAE1}.Debug|Any CPU.ActiveCfg = Debug|Any CPU
		{12F6E15F-F1EE-4C21-8869-00745182BAE1}.Debug|Any CPU.Build.0 = Debug|Any CPU
		{12F6E15F-F1EE-4C21-8869-00745182BAE1}.Release|Any CPU.ActiveCfg = Release|Any CPU
		{12F6E15F-F1EE-4C21-8869-00745182BAE1}.Release|Any CPU.Build.0 = Release|Any CPU
		{680C1E97-DB96-4BBD-9AB1-C9FA1833F4E3}.Debug|Any CPU.ActiveCfg = Debug|Any CPU
		{680C1E97-DB96-4BBD-9AB1-C9FA1833F4E3}.Debug|Any CPU.Build.0 = Debug|Any CPU
		{680C1E97-DB96-4BBD-9AB1-C9FA1833F4E3}.Release|Any CPU.ActiveCfg = Release|Any CPU
		{680C1E97-DB96-4BBD-9AB1-C9FA1833F4E3}.Release|Any CPU.Build.0 = Release|Any CPU
		{8E4EF955-4FF0-483F-806F-EB2A049CEF9B}.Debug|Any CPU.ActiveCfg = Debug|Any CPU
		{8E4EF955-4FF0-483F-806F-EB2A049CEF9B}.Debug|Any CPU.Build.0 = Debug|Any CPU
		{8E4EF955-4FF0-483F-806F-EB2A049CEF9B}.Release|Any CPU.ActiveCfg = Release|Any CPU
		{8E4EF955-4FF0-483F-806F-EB2A049CEF9B}.Release|Any CPU.Build.0 = Release|Any CPU
	EndGlobalSection
	GlobalSection(SolutionProperties) = preSolution
		HideSolutionNode = FALSE
	EndGlobalSection
	GlobalSection(ExtensibilityGlobals) = postSolution
		SolutionGuid = {22C3E3BB-D26C-43DE-9412-9DCA51C03B8A}
	EndGlobalSection
EndGlobal
